
Microsoft Visual Studio Solution File, Format Version 12.00
# Visual Studio Version 17
VisualStudioVersion = 17.5.002.0
MinimumVisualStudioVersion = 10.0.40219.1
Project("{2150E333-8FDC-42A3-9474-1A3956D46DE8}") = "Back", "Back", "{8EEBFB82-F00C-4C68-80EA-4012DE3BA7CB}"
EndProject
Project("{2150E333-8FDC-42A3-9474-1A3956D46DE8}") = "src", "src", "{85AE1B25-28AD-44C4-B2DD-B9F7E74ACE48}"
EndProject
Project("{9A19103F-16F7-4668-BE54-9A1E7A4F7556}") = "ProEventos.API", "Back\src\ProEventos.API\ProEventos.API.csproj", "{954DA2E5-04EB-472A-BD1C-23DE2F042F73}"
EndProject
Global
	GlobalSection(SolutionConfigurationPlatforms) = preSolution
		Debug|Any CPU = Debug|Any CPU
		Release|Any CPU = Release|Any CPU
	EndGlobalSection
	GlobalSection(ProjectConfigurationPlatforms) = postSolution
		{954DA2E5-04EB-472A-BD1C-23DE2F042F73}.Debug|Any CPU.ActiveCfg = Debug|Any CPU
		{954DA2E5-04EB-472A-BD1C-23DE2F042F73}.Debug|Any CPU.Build.0 = Debug|Any CPU
		{954DA2E5-04EB-472A-BD1C-23DE2F042F73}.Release|Any CPU.ActiveCfg = Release|Any CPU
		{954DA2E5-04EB-472A-BD1C-23DE2F042F73}.Release|Any CPU.Build.0 = Release|Any CPU
	EndGlobalSection
	GlobalSection(SolutionProperties) = preSolution
		HideSolutionNode = FALSE
	EndGlobalSection
	GlobalSection(NestedProjects) = preSolution
		{85AE1B25-28AD-44C4-B2DD-B9F7E74ACE48} = {8EEBFB82-F00C-4C68-80EA-4012DE3BA7CB}
		{954DA2E5-04EB-472A-BD1C-23DE2F042F73} = {85AE1B25-28AD-44C4-B2DD-B9F7E74ACE48}
	EndGlobalSection
	GlobalSection(ExtensibilityGlobals) = postSolution
		SolutionGuid = {A2DE2EBA-2892-4D5A-9AFE-826434F429D5}
	EndGlobalSection
EndGlobal
